
Microsoft Visual Studio Solution File, Format Version 11.00
# Visual Studio 2010
Project("{FAE04EC0-301F-11D3-BF4B-00C04F79EFBC}") = "ClientApplication", "ClientApplication\ClientApplication.csproj", "{69C104C2-03B0-46EC-BCDB-F8ED9AD338AB}"
EndProject
Project("{FAE04EC0-301F-11D3-BF4B-00C04F79EFBC}") = "ServerApplication", "ServerApplication\ServerApplication.csproj", "{943462AF-FEF3-49C3-9BC0-71F9CFDC8751}"
EndProject
Project("{FAE04EC0-301F-11D3-BF4B-00C04F79EFBC}") = "ImageFilters", "ImageFilters\ImageFilters.csproj", "{BF5FF53E-C2DB-4AF6-9F7E-7829BC324440}"
EndProject
Global
	GlobalSection(SolutionConfigurationPlatforms) = preSolution
		Debug|Any CPU = Debug|Any CPU
		Release|Any CPU = Release|Any CPU
	EndGlobalSection
	GlobalSection(ProjectConfigurationPlatforms) = postSolution
		{69C104C2-03B0-46EC-BCDB-F8ED9AD338AB}.Debug|Any CPU.ActiveCfg = Debug|Any CPU
		{69C104C2-03B0-46EC-BCDB-F8ED9AD338AB}.Debug|Any CPU.Build.0 = Debug|Any CPU
		{69C104C2-03B0-46EC-BCDB-F8ED9AD338AB}.Release|Any CPU.ActiveCfg = Release|Any CPU
		{69C104C2-03B0-46EC-BCDB-F8ED9AD338AB}.Release|Any CPU.Build.0 = Release|Any CPU
		{943462AF-FEF3-49C3-9BC0-71F9CFDC8751}.Debug|Any CPU.ActiveCfg = Debug|Any CPU
		{943462AF-FEF3-49C3-9BC0-71F9CFDC8751}.Debug|Any CPU.Build.0 = Debug|Any CPU
		{943462AF-FEF3-49C3-9BC0-71F9CFDC8751}.Release|Any CPU.ActiveCfg = Release|Any CPU
		{943462AF-FEF3-49C3-9BC0-71F9CFDC8751}.Release|Any CPU.Build.0 = Release|Any CPU
		{BF5FF53E-C2DB-4AF6-9F7E-7829BC324440}.Debug|Any CPU.ActiveCfg = Debug|Any CPU
		{BF5FF53E-C2DB-4AF6-9F7E-7829BC324440}.Debug|Any CPU.Build.0 = Debug|Any CPU
		{BF5FF53E-C2DB-4AF6-9F7E-7829BC324440}.Release|Any CPU.ActiveCfg = Release|Any CPU
		{BF5FF53E-C2DB-4AF6-9F7E-7829BC324440}.Release|Any CPU.Build.0 = Release|Any CPU
	EndGlobalSection
	GlobalSection(SolutionProperties) = preSolution
		HideSolutionNode = FALSE
	EndGlobalSection
EndGlobal
